
Microsoft Visual Studio Solution File, Format Version 12.00
# Visual Studio Version 17
VisualStudioVersion = 17.0.31903.59
MinimumVisualStudioVersion = 10.0.40219.1
Project("{2150E333-8FDC-42A3-9474-1A3956D46DE8}") = "src", "src", "{A24EA9BE-0F8E-4CE3-A29D-EE4E24448AEC}"
EndProject
Project("{FAE04EC0-301F-11D3-BF4B-00C04F79EFBC}") = "MSTestV2.Collector.Console", "src\MSTestV2.Collector.Console\MSTestV2.Collector.Console.csproj", "{469D1D4A-21A0-4BA4-A340-6970260ADA48}"
EndProject
Project("{FAE04EC0-301F-11D3-BF4B-00C04F79EFBC}") = "MSTestV2.Collector.Test", "src\MSTestV2.Collector.Test\MSTestV2.Collector.Test.csproj", "{87588BF9-DF38-4DD4-8199-6CED30286E7C}"
EndProject
Global
	GlobalSection(SolutionConfigurationPlatforms) = preSolution
		Debug|Any CPU = Debug|Any CPU
		Release|Any CPU = Release|Any CPU
	EndGlobalSection
	GlobalSection(SolutionProperties) = preSolution
		HideSolutionNode = FALSE
	EndGlobalSection
	GlobalSection(ProjectConfigurationPlatforms) = postSolution
		{469D1D4A-21A0-4BA4-A340-6970260ADA48}.Debug|Any CPU.ActiveCfg = Debug|Any CPU
		{469D1D4A-21A0-4BA4-A340-6970260ADA48}.Debug|Any CPU.Build.0 = Debug|Any CPU
		{469D1D4A-21A0-4BA4-A340-6970260ADA48}.Release|Any CPU.ActiveCfg = Release|Any CPU
		{469D1D4A-21A0-4BA4-A340-6970260ADA48}.Release|Any CPU.Build.0 = Release|Any CPU
		{87588BF9-DF38-4DD4-8199-6CED30286E7C}.Debug|Any CPU.ActiveCfg = Debug|Any CPU
		{87588BF9-DF38-4DD4-8199-6CED30286E7C}.Debug|Any CPU.Build.0 = Debug|Any CPU
		{87588BF9-DF38-4DD4-8199-6CED30286E7C}.Release|Any CPU.ActiveCfg = Release|Any CPU
		{87588BF9-DF38-4DD4-8199-6CED30286E7C}.Release|Any CPU.Build.0 = Release|Any CPU
	EndGlobalSection
	GlobalSection(NestedProjects) = preSolution
		{469D1D4A-21A0-4BA4-A340-6970260ADA48} = {A24EA9BE-0F8E-4CE3-A29D-EE4E24448AEC}
		{87588BF9-DF38-4DD4-8199-6CED30286E7C} = {A24EA9BE-0F8E-4CE3-A29D-EE4E24448AEC}
	EndGlobalSection
EndGlobal
